// !$*UTF8*$!
{
	archiveVersion = 1;
	classes = {
	};
	objectVersion = 54;
	objects = {

/* Begin PBXBuildFile section */
		1717200A247FC03200A54240 /* NSError+Messaged.swift in Sources */ = {isa = PBXBuildFile; fileRef = 17172009247FC03200A54240 /* NSError+Messaged.swift */; };
		171CB98B1AFB63C7002BE185 /* FMIKit.h in Headers */ = {isa = PBXBuildFile; fileRef = 171CB98A1AFB63C7002BE185 /* FMIKit.h */; settings = {ATTRIBUTES = (Public, ); }; };
		1736E4761BA815B30095227A /* FMIKit.h in Headers */ = {isa = PBXBuildFile; fileRef = 171CB98A1AFB63C7002BE185 /* FMIKit.h */; settings = {ATTRIBUTES = (Public, ); }; };
		1738D44C1AFC948100B96929 /* Event.xcdatamodeld in Sources */ = {isa = PBXBuildFile; fileRef = 1738D4431AFC948100B96929 /* Event.xcdatamodeld */; };
		1738D44D1AFC948100B96929 /* TestFile.csv in Resources */ = {isa = PBXBuildFile; fileRef = 1738D4451AFC948100B96929 /* TestFile.csv */; };
		1738D44E1AFC948100B96929 /* TestFileInvalid.csv in Resources */ = {isa = PBXBuildFile; fileRef = 1738D4461AFC948100B96929 /* TestFileInvalid.csv */; };
		1738D44F1AFC948100B96929 /* TestImageBig.jpeg in Resources */ = {isa = PBXBuildFile; fileRef = 1738D4471AFC948100B96929 /* TestImageBig.jpeg */; };
		1738D4501AFC948100B96929 /* TestImageLandscape.png in Resources */ = {isa = PBXBuildFile; fileRef = 1738D4481AFC948100B96929 /* TestImageLandscape.png */; };
		1738D4511AFC948100B96929 /* TestImagePortrait.png in Resources */ = {isa = PBXBuildFile; fileRef = 1738D4491AFC948100B96929 /* TestImagePortrait.png */; };
		1738D4521AFC948100B96929 /* TestImagePortraitSmallWidth.jpg in Resources */ = {isa = PBXBuildFile; fileRef = 1738D44A1AFC948100B96929 /* TestImagePortraitSmallWidth.jpg */; };
		1738D4531AFC948100B96929 /* TestImageSquared.png in Resources */ = {isa = PBXBuildFile; fileRef = 1738D44B1AFC948100B96929 /* TestImageSquared.png */; };
		176F0396219AE108000FCFDC /* Named.swift in Sources */ = {isa = PBXBuildFile; fileRef = 176F0395219AE108000FCFDC /* Named.swift */; };
		176F0397219AE108000FCFDC /* Named.swift in Sources */ = {isa = PBXBuildFile; fileRef = 176F0395219AE108000FCFDC /* Named.swift */; };
		178C91EA247D53220055A38C /* UIViewController+ErrorHandling.swift in Sources */ = {isa = PBXBuildFile; fileRef = 178C91E9247D53220055A38C /* UIViewController+ErrorHandling.swift */; };
		17CBD6101BCC3A9000681FD9 /* FMIKitLocalizable.strings in Resources */ = {isa = PBXBuildFile; fileRef = 17CBD6121BCC3A9000681FD9 /* FMIKitLocalizable.strings */; };
		17CCFAB6247D3A9600BD5C0A /* UIResponder+ErrorHandling.swift in Sources */ = {isa = PBXBuildFile; fileRef = 17CCFAB3247D3A9600BD5C0A /* UIResponder+ErrorHandling.swift */; };
		17CCFAB9247D3B3200BD5C0A /* Bundle+FMIKit.swift in Sources */ = {isa = PBXBuildFile; fileRef = 17CCFAB8247D3B3200BD5C0A /* Bundle+FMIKit.swift */; };
		17E00C711B90307500BA7024 /* FMIKit.framework in Frameworks */ = {isa = PBXBuildFile; fileRef = 171CB9851AFB63C7002BE185 /* FMIKit.framework */; };
		359130A7410D0233FDEA2625 /* FMIErrorMessage.m in Sources */ = {isa = PBXBuildFile; fileRef = 35913BCE9444EA36FECA745C /* FMIErrorMessage.m */; };
		3591317D6BE22119739FDA24 /* FMIDateHelperTest.m in Sources */ = {isa = PBXBuildFile; fileRef = 35913A7C29DFBBC56090BA69 /* FMIDateHelperTest.m */; };
		359131B9C6A98AF2F7A8CF8B /* FakeTableViewDataSource.m in Sources */ = {isa = PBXBuildFile; fileRef = 35913F32E520C67BD6452446 /* FakeTableViewDataSource.m */; };
		359131CD1B6160079F5A5FB2 /* NSCalendar+SharedInstances.h in Headers */ = {isa = PBXBuildFile; fileRef = 3591339CCDB752DC59D6D837 /* NSCalendar+SharedInstances.h */; settings = {ATTRIBUTES = (Public, ); }; };
		359131E8F395B89E66F1A63C /* FMIErrorLogFile.h in Headers */ = {isa = PBXBuildFile; fileRef = 35913C8709977D154A7F2F7A /* FMIErrorLogFile.h */; };
		3591321AB4F3EEEC5CC453E6 /* FMIKitConstants.h in Headers */ = {isa = PBXBuildFile; fileRef = 35913A7111C3DA9E3B5ED86F /* FMIKitConstants.h */; };
		35913275D874453C547DB25C /* NSCalendar+SharedInstances.m in Sources */ = {isa = PBXBuildFile; fileRef = 35913F96CE17A3187641AAF6 /* NSCalendar+SharedInstances.m */; };
		3591327CE69A5FC3DDC3B099 /* FakeBindingModel.m in Sources */ = {isa = PBXBuildFile; fileRef = 359134E86EB3E44A077B1AF3 /* FakeBindingModel.m */; };
		359132808A2EBCAB1E839C04 /* FMIBindingManager.h in Headers */ = {isa = PBXBuildFile; fileRef = 359134CA9F45005389FA7708 /* FMIBindingManager.h */; settings = {ATTRIBUTES = (Public, ); }; };
		35913291B68887CA5E00D9A6 /* UIDevice+Platform.h in Headers */ = {isa = PBXBuildFile; fileRef = 359134D6412D6C6A38761812 /* UIDevice+Platform.h */; settings = {ATTRIBUTES = (Public, ); }; };
		359133635297A88D865337CD /* FMIErrorMessage.h in Headers */ = {isa = PBXBuildFile; fileRef = 35913B680C286D5E9DD609A6 /* FMIErrorMessage.h */; settings = {ATTRIBUTES = (Public, ); }; };
		35913397C44ADB79FD9F2682 /* FakeBindingObserver.m in Sources */ = {isa = PBXBuildFile; fileRef = 35913D05B64135615F0DCFA5 /* FakeBindingObserver.m */; };
		359135883E3C112CB8C61284 /* FMIDateHelper.h in Headers */ = {isa = PBXBuildFile; fileRef = 35913FA870D304FE1539ECBA /* FMIDateHelper.h */; settings = {ATTRIBUTES = (Public, ); }; };
		359135BB9EC783A8278B4D6E /* FMIErrorLogFile.m in Sources */ = {isa = PBXBuildFile; fileRef = 359138BFDD7A292979CBA6C9 /* FMIErrorLogFile.m */; };
		3591360DCC52DC874B9EB1B3 /* NSBundle+FMIAppInfo.h in Headers */ = {isa = PBXBuildFile; fileRef = 35913544F49739A75AB0C2C8 /* NSBundle+FMIAppInfo.h */; settings = {ATTRIBUTES = (Public, ); }; };
		3591368C148DE0BF2514DF10 /* FMIGMTDateHelper.h in Headers */ = {isa = PBXBuildFile; fileRef = 359132711A56643B56BB2621 /* FMIGMTDateHelper.h */; settings = {ATTRIBUTES = (Public, ); }; };
		359136978B0C634026DE1807 /* FMIURLProvider.h in Headers */ = {isa = PBXBuildFile; fileRef = 35913B64511B4BABA540BC2A /* FMIURLProvider.h */; settings = {ATTRIBUTES = (Public, ); }; };
		359136C1709732FAE3E10719 /* UITableView+IndexPathTests.m in Sources */ = {isa = PBXBuildFile; fileRef = 35913CD19B8A724944010728 /* UITableView+IndexPathTests.m */; };
		359137CE0B2C41A56765CD74 /* FMIBindingManager.h in Headers */ = {isa = PBXBuildFile; fileRef = 359134CA9F45005389FA7708 /* FMIBindingManager.h */; settings = {ATTRIBUTES = (Public, ); }; };
		3591381A2F9AA8CA84395A8E /* FMIBindingManagerTests.m in Sources */ = {isa = PBXBuildFile; fileRef = 3591325652B0E018158092BC /* FMIBindingManagerTests.m */; };
		359138389C1DA335435D49B6 /* FMIBinding.h in Headers */ = {isa = PBXBuildFile; fileRef = 359133EC0F3F3F369C98A889 /* FMIBinding.h */; settings = {ATTRIBUTES = (Public, ); }; };
		3591387333257D86D6F26683 /* FMIGMTDateHelperTest.m in Sources */ = {isa = PBXBuildFile; fileRef = 359139104DE6854CACD6012C /* FMIGMTDateHelperTest.m */; };
		3591389C23B6DD15B2DC5BC2 /* FMIBinding.h in Headers */ = {isa = PBXBuildFile; fileRef = 359133EC0F3F3F369C98A889 /* FMIBinding.h */; settings = {ATTRIBUTES = (Public, ); }; };
		359138AD5AC4C739AA46022D /* NSCalendar+SharedInstances.h in Headers */ = {isa = PBXBuildFile; fileRef = 3591339CCDB752DC59D6D837 /* NSCalendar+SharedInstances.h */; settings = {ATTRIBUTES = (Public, ); }; };
		359138D6C9D1C5C1658F07B9 /* FMIGMTDateHelper.h in Headers */ = {isa = PBXBuildFile; fileRef = 359132711A56643B56BB2621 /* FMIGMTDateHelper.h */; settings = {ATTRIBUTES = (Public, ); }; };
		359139BB3728A7C5DB8DA1A7 /* NSBundle+FMIAppInfo.h in Headers */ = {isa = PBXBuildFile; fileRef = 35913544F49739A75AB0C2C8 /* NSBundle+FMIAppInfo.h */; settings = {ATTRIBUTES = (Public, ); }; };
		359139C16537036E8326A59C /* FMIBinding.m in Sources */ = {isa = PBXBuildFile; fileRef = 359136A1128DEF3389D6AE88 /* FMIBinding.m */; };
		35913A496D71B8214E3401CC /* NSBundle+FMIKit.h in Headers */ = {isa = PBXBuildFile; fileRef = 35913762DEFCE14348F4DB8D /* NSBundle+FMIKit.h */; };
		35913A72F5D51B23909947C0 /* UITableView+IndexPath.m in Sources */ = {isa = PBXBuildFile; fileRef = 35913D93A22C9932A027B731 /* UITableView+IndexPath.m */; };
		35913A739B42D96FF77C3C24 /* NSCalendar+SharedInstances.m in Sources */ = {isa = PBXBuildFile; fileRef = 35913F96CE17A3187641AAF6 /* NSCalendar+SharedInstances.m */; };
		35913B131B769C2477AF5E6E /* FMIBindingManager.m in Sources */ = {isa = PBXBuildFile; fileRef = 359135296203D2254ECA66B5 /* FMIBindingManager.m */; };
		35913B4FB9CABCFE02466025 /* FMIBindingManager.m in Sources */ = {isa = PBXBuildFile; fileRef = 359135296203D2254ECA66B5 /* FMIBindingManager.m */; };
		35913BBD69CADC8A53EB9E0F /* UIDevice+Platform.m in Sources */ = {isa = PBXBuildFile; fileRef = 35913745DF27583BA4E591E4 /* UIDevice+Platform.m */; };
		35913BFDE59284D54FFCB2C3 /* FMIGMTDateHelper.m in Sources */ = {isa = PBXBuildFile; fileRef = 35913D929BAE18D652875AF6 /* FMIGMTDateHelper.m */; };
		35913C039AB5275BAA877B31 /* NSBundle+FMIKit.m in Sources */ = {isa = PBXBuildFile; fileRef = 359132B38EDA405B10D43539 /* NSBundle+FMIKit.m */; };
		35913C1FF167A167B96D4A32 /* FMIDateHelper.m in Sources */ = {isa = PBXBuildFile; fileRef = 359135B46D0291D94213149D /* FMIDateHelper.m */; };
		35913C3C87D212B377485C66 /* NSBundle+FMIAppInfo.m in Sources */ = {isa = PBXBuildFile; fileRef = 3591364580F7582863F6E061 /* NSBundle+FMIAppInfo.m */; };
		35913C8B8EFDC3A6E3519461 /* UITableView+IndexPath.h in Headers */ = {isa = PBXBuildFile; fileRef = 35913191490ECD45DBF6648E /* UITableView+IndexPath.h */; settings = {ATTRIBUTES = (Public, ); }; };
		35913D9564011CC935070366 /* NSCalendar+SharedInstancesTests.m in Sources */ = {isa = PBXBuildFile; fileRef = 35913D6C064F2C195D8155E7 /* NSCalendar+SharedInstancesTests.m */; };
		35913E0A0D265D924423003A /* FMIDateHelper.m in Sources */ = {isa = PBXBuildFile; fileRef = 359135B46D0291D94213149D /* FMIDateHelper.m */; };
		35913E875E33147914B176DD /* FMIDateHelper.h in Headers */ = {isa = PBXBuildFile; fileRef = 35913FA870D304FE1539ECBA /* FMIDateHelper.h */; settings = {ATTRIBUTES = (Public, ); }; };
		35913ED44B8288907BC4A620 /* FMIBinding.m in Sources */ = {isa = PBXBuildFile; fileRef = 359136A1128DEF3389D6AE88 /* FMIBinding.m */; };
		35913EF22A2D8BA263AE000D /* FMIHelpers.h in Headers */ = {isa = PBXBuildFile; fileRef = 3591323DC8B663841012BD82 /* FMIHelpers.h */; settings = {ATTRIBUTES = (Public, ); }; };
		35913EF5EA8C0033D2A5BAFB /* FMIGMTDateHelper.m in Sources */ = {isa = PBXBuildFile; fileRef = 35913D929BAE18D652875AF6 /* FMIGMTDateHelper.m */; };
		35913F5FB0136E21392C9B43 /* NSBundle+FMIAppInfo.m in Sources */ = {isa = PBXBuildFile; fileRef = 3591364580F7582863F6E061 /* NSBundle+FMIAppInfo.m */; };
		35913F9D3483403CDE293BA2 /* FMIHelpers.h in Headers */ = {isa = PBXBuildFile; fileRef = 3591323DC8B663841012BD82 /* FMIHelpers.h */; settings = {ATTRIBUTES = (Public, ); }; };
/* End PBXBuildFile section */

/* Begin PBXContainerItemProxy section */
		171CB9921AFB63C7002BE185 /* PBXContainerItemProxy */ = {
			isa = PBXContainerItemProxy;
			containerPortal = 171CB97C1AFB63C7002BE185 /* Project object */;
			proxyType = 1;
			remoteGlobalIDString = 171CB9841AFB63C7002BE185;
			remoteInfo = FMIKit;
		};
/* End PBXContainerItemProxy section */

/* Begin PBXFileReference section */
		170254942705A8570057D16B /* FMIKit.xctestplan */ = {isa = PBXFileReference; lastKnownFileType = text; path = FMIKit.xctestplan; sourceTree = "<group>"; };
		17172009247FC03200A54240 /* NSError+Messaged.swift */ = {isa = PBXFileReference; lastKnownFileType = sourcecode.swift; path = "NSError+Messaged.swift"; sourceTree = "<group>"; };
		1717200B247FC07900A54240 /* FMIKitTests-Bridging-Header.h */ = {isa = PBXFileReference; lastKnownFileType = sourcecode.c.h; path = "FMIKitTests-Bridging-Header.h"; sourceTree = "<group>"; };
		171CB9851AFB63C7002BE185 /* FMIKit.framework */ = {isa = PBXFileReference; explicitFileType = wrapper.framework; includeInIndex = 0; path = FMIKit.framework; sourceTree = BUILT_PRODUCTS_DIR; };
		171CB9891AFB63C7002BE185 /* Info.plist */ = {isa = PBXFileReference; lastKnownFileType = text.plist.xml; path = Info.plist; sourceTree = "<group>"; };
		171CB98A1AFB63C7002BE185 /* FMIKit.h */ = {isa = PBXFileReference; fileEncoding = 4; lastKnownFileType = sourcecode.c.h; path = FMIKit.h; sourceTree = "<group>"; };
		171CB9901AFB63C7002BE185 /* FMIKitTests.xctest */ = {isa = PBXFileReference; explicitFileType = wrapper.cfbundle; includeInIndex = 0; path = FMIKitTests.xctest; sourceTree = BUILT_PRODUCTS_DIR; };
		171CB9961AFB63C7002BE185 /* Info.plist */ = {isa = PBXFileReference; lastKnownFileType = text.plist.xml; path = Info.plist; sourceTree = "<group>"; };
		172417EE2701DFD500EB0B52 /* LICENSE */ = {isa = PBXFileReference; lastKnownFileType = text; path = LICENSE; sourceTree = "<group>"; };
		1736E46D1BA815400095227A /* FMIKit.framework */ = {isa = PBXFileReference; explicitFileType = wrapper.framework; includeInIndex = 0; path = FMIKit.framework; sourceTree = BUILT_PRODUCTS_DIR; };
		1736E4711BA815400095227A /* Info.plist */ = {isa = PBXFileReference; lastKnownFileType = text.plist.xml; path = Info.plist; sourceTree = "<group>"; };
		1738D4441AFC948100B96929 /* Event.xcdatamodel */ = {isa = PBXFileReference; lastKnownFileType = wrapper.xcdatamodel; path = Event.xcdatamodel; sourceTree = "<group>"; };
		1738D4451AFC948100B96929 /* TestFile.csv */ = {isa = PBXFileReference; fileEncoding = 4; lastKnownFileType = text; name = TestFile.csv; path = Resources/TestFile.csv; sourceTree = "<group>"; };
		1738D4461AFC948100B96929 /* TestFileInvalid.csv */ = {isa = PBXFileReference; fileEncoding = 4; lastKnownFileType = text; name = TestFileInvalid.csv; path = Resources/TestFileInvalid.csv; sourceTree = "<group>"; };
		1738D4471AFC948100B96929 /* TestImageBig.jpeg */ = {isa = PBXFileReference; lastKnownFileType = image.jpeg; name = TestImageBig.jpeg; path = Resources/TestImageBig.jpeg; sourceTree = "<group>"; };
		1738D4481AFC948100B96929 /* TestImageLandscape.png */ = {isa = PBXFileReference; lastKnownFileType = image.png; name = TestImageLandscape.png; path = Resources/TestImageLandscape.png; sourceTree = "<group>"; };
		1738D4491AFC948100B96929 /* TestImagePortrait.png */ = {isa = PBXFileReference; lastKnownFileType = image.png; name = TestImagePortrait.png; path = Resources/TestImagePortrait.png; sourceTree = "<group>"; };
		1738D44A1AFC948100B96929 /* TestImagePortraitSmallWidth.jpg */ = {isa = PBXFileReference; lastKnownFileType = image.jpeg; name = TestImagePortraitSmallWidth.jpg; path = Resources/TestImagePortraitSmallWidth.jpg; sourceTree = "<group>"; };
		1738D44B1AFC948100B96929 /* TestImageSquared.png */ = {isa = PBXFileReference; lastKnownFileType = image.png; name = TestImageSquared.png; path = Resources/TestImageSquared.png; sourceTree = "<group>"; };
		176F0395219AE108000FCFDC /* Named.swift */ = {isa = PBXFileReference; fileEncoding = 4; lastKnownFileType = sourcecode.swift; path = Named.swift; sourceTree = "<group>"; };
		178C91E9247D53220055A38C /* UIViewController+ErrorHandling.swift */ = {isa = PBXFileReference; lastKnownFileType = sourcecode.swift; path = "UIViewController+ErrorHandling.swift"; sourceTree = "<group>"; };
		17CBD6111BCC3A9000681FD9 /* en */ = {isa = PBXFileReference; lastKnownFileType = text.plist.strings; name = en; path = en.lproj/FMIKitLocalizable.strings; sourceTree = "<group>"; };
		17CBD6131BCC3A9200681FD9 /* de */ = {isa = PBXFileReference; lastKnownFileType = text.plist.strings; name = de; path = de.lproj/FMIKitLocalizable.strings; sourceTree = "<group>"; };
		17CCFAB3247D3A9600BD5C0A /* UIResponder+ErrorHandling.swift */ = {isa = PBXFileReference; fileEncoding = 4; lastKnownFileType = sourcecode.swift; path = "UIResponder+ErrorHandling.swift"; sourceTree = "<group>"; };
		17CCFAB8247D3B3200BD5C0A /* Bundle+FMIKit.swift */ = {isa = PBXFileReference; lastKnownFileType = sourcecode.swift; path = "Bundle+FMIKit.swift"; sourceTree = "<group>"; };
		35913191490ECD45DBF6648E /* UITableView+IndexPath.h */ = {isa = PBXFileReference; fileEncoding = 4; lastKnownFileType = sourcecode.c.h; path = "UITableView+IndexPath.h"; sourceTree = "<group>"; };
		3591320A24AF7C3C0DF96AE6 /* FakeTableViewDataSource.h */ = {isa = PBXFileReference; fileEncoding = 4; lastKnownFileType = sourcecode.c.h; path = FakeTableViewDataSource.h; sourceTree = "<group>"; };
		3591323DC8B663841012BD82 /* FMIHelpers.h */ = {isa = PBXFileReference; fileEncoding = 4; lastKnownFileType = sourcecode.c.h; path = FMIHelpers.h; sourceTree = "<group>"; };
		3591325652B0E018158092BC /* FMIBindingManagerTests.m */ = {isa = PBXFileReference; fileEncoding = 4; lastKnownFileType = sourcecode.c.objc; name = FMIBindingManagerTests.m; path = FMIKitTests/FMIBindingManagerTests.m; sourceTree = SOURCE_ROOT; };
		359132711A56643B56BB2621 /* FMIGMTDateHelper.h */ = {isa = PBXFileReference; fileEncoding = 4; lastKnownFileType = sourcecode.c.h; path = FMIGMTDateHelper.h; sourceTree = "<group>"; };
		359132B38EDA405B10D43539 /* NSBundle+FMIKit.m */ = {isa = PBXFileReference; fileEncoding = 4; lastKnownFileType = sourcecode.c.objc; path = "NSBundle+FMIKit.m"; sourceTree = "<group>"; };
		3591339CCDB752DC59D6D837 /* NSCalendar+SharedInstances.h */ = {isa = PBXFileReference; fileEncoding = 4; lastKnownFileType = sourcecode.c.h; path = "NSCalendar+SharedInstances.h"; sourceTree = "<group>"; };
		359133EC0F3F3F369C98A889 /* FMIBinding.h */ = {isa = PBXFileReference; fileEncoding = 4; lastKnownFileType = sourcecode.c.h; path = FMIBinding.h; sourceTree = "<group>"; };
		359134CA9F45005389FA7708 /* FMIBindingManager.h */ = {isa = PBXFileReference; fileEncoding = 4; lastKnownFileType = sourcecode.c.h; path = FMIBindingManager.h; sourceTree = "<group>"; };
		359134D6412D6C6A38761812 /* UIDevice+Platform.h */ = {isa = PBXFileReference; fileEncoding = 4; lastKnownFileType = sourcecode.c.h; path = "UIDevice+Platform.h"; sourceTree = "<group>"; };
		359134E86EB3E44A077B1AF3 /* FakeBindingModel.m */ = {isa = PBXFileReference; fileEncoding = 4; lastKnownFileType = sourcecode.c.objc; path = FakeBindingModel.m; sourceTree = "<group>"; };
		35913502F8888774D158EA01 /* FakeBindingObserver.h */ = {isa = PBXFileReference; fileEncoding = 4; lastKnownFileType = sourcecode.c.h; path = FakeBindingObserver.h; sourceTree = "<group>"; };
		359135296203D2254ECA66B5 /* FMIBindingManager.m */ = {isa = PBXFileReference; fileEncoding = 4; lastKnownFileType = sourcecode.c.objc; path = FMIBindingManager.m; sourceTree = "<group>"; };
		35913544F49739A75AB0C2C8 /* NSBundle+FMIAppInfo.h */ = {isa = PBXFileReference; fileEncoding = 4; lastKnownFileType = sourcecode.c.h; path = "NSBundle+FMIAppInfo.h"; sourceTree = "<group>"; };
		359135B46D0291D94213149D /* FMIDateHelper.m */ = {isa = PBXFileReference; fileEncoding = 4; lastKnownFileType = sourcecode.c.objc; path = FMIDateHelper.m; sourceTree = "<group>"; };
		3591364580F7582863F6E061 /* NSBundle+FMIAppInfo.m */ = {isa = PBXFileReference; fileEncoding = 4; lastKnownFileType = sourcecode.c.objc; path = "NSBundle+FMIAppInfo.m"; sourceTree = "<group>"; };
		359136A1128DEF3389D6AE88 /* FMIBinding.m */ = {isa = PBXFileReference; fileEncoding = 4; lastKnownFileType = sourcecode.c.objc; path = FMIBinding.m; sourceTree = "<group>"; };
		35913745DF27583BA4E591E4 /* UIDevice+Platform.m */ = {isa = PBXFileReference; fileEncoding = 4; lastKnownFileType = sourcecode.c.objc; path = "UIDevice+Platform.m"; sourceTree = "<group>"; };
		35913762DEFCE14348F4DB8D /* NSBundle+FMIKit.h */ = {isa = PBXFileReference; fileEncoding = 4; lastKnownFileType = sourcecode.c.h; path = "NSBundle+FMIKit.h"; sourceTree = "<group>"; };
		359138BFDD7A292979CBA6C9 /* FMIErrorLogFile.m */ = {isa = PBXFileReference; fileEncoding = 4; lastKnownFileType = sourcecode.c.objc; path = FMIErrorLogFile.m; sourceTree = "<group>"; };
		359139104DE6854CACD6012C /* FMIGMTDateHelperTest.m */ = {isa = PBXFileReference; fileEncoding = 4; lastKnownFileType = sourcecode.c.objc; name = FMIGMTDateHelperTest.m; path = FMIKitTests/FMIGMTDateHelperTest.m; sourceTree = SOURCE_ROOT; };
		35913A7111C3DA9E3B5ED86F /* FMIKitConstants.h */ = {isa = PBXFileReference; fileEncoding = 4; lastKnownFileType = sourcecode.c.h; path = FMIKitConstants.h; sourceTree = "<group>"; };
		35913A7C29DFBBC56090BA69 /* FMIDateHelperTest.m */ = {isa = PBXFileReference; fileEncoding = 4; lastKnownFileType = sourcecode.c.objc; name = FMIDateHelperTest.m; path = FMIKitTests/FMIDateHelperTest.m; sourceTree = SOURCE_ROOT; };
		35913B64511B4BABA540BC2A /* FMIURLProvider.h */ = {isa = PBXFileReference; fileEncoding = 4; lastKnownFileType = sourcecode.c.h; path = FMIURLProvider.h; sourceTree = "<group>"; };
		35913B680C286D5E9DD609A6 /* FMIErrorMessage.h */ = {isa = PBXFileReference; fileEncoding = 4; lastKnownFileType = sourcecode.c.h; path = FMIErrorMessage.h; sourceTree = "<group>"; };
		35913BCE9444EA36FECA745C /* FMIErrorMessage.m */ = {isa = PBXFileReference; fileEncoding = 4; lastKnownFileType = sourcecode.c.objc; path = FMIErrorMessage.m; sourceTree = "<group>"; };
		35913C8709977D154A7F2F7A /* FMIErrorLogFile.h */ = {isa = PBXFileReference; fileEncoding = 4; lastKnownFileType = sourcecode.c.h; path = FMIErrorLogFile.h; sourceTree = "<group>"; };
		35913CD19B8A724944010728 /* UITableView+IndexPathTests.m */ = {isa = PBXFileReference; fileEncoding = 4; lastKnownFileType = sourcecode.c.objc; name = "UITableView+IndexPathTests.m"; path = "FMIKitTests/UITableView+IndexPathTests.m"; sourceTree = SOURCE_ROOT; };
		35913D05B64135615F0DCFA5 /* FakeBindingObserver.m */ = {isa = PBXFileReference; fileEncoding = 4; lastKnownFileType = sourcecode.c.objc; path = FakeBindingObserver.m; sourceTree = "<group>"; };
		35913D6C064F2C195D8155E7 /* NSCalendar+SharedInstancesTests.m */ = {isa = PBXFileReference; fileEncoding = 4; lastKnownFileType = sourcecode.c.objc; name = "NSCalendar+SharedInstancesTests.m"; path = "FMIKitTests/NSCalendar+SharedInstancesTests.m"; sourceTree = SOURCE_ROOT; };
		35913D929BAE18D652875AF6 /* FMIGMTDateHelper.m */ = {isa = PBXFileReference; fileEncoding = 4; lastKnownFileType = sourcecode.c.objc; path = FMIGMTDateHelper.m; sourceTree = "<group>"; };
		35913D93A22C9932A027B731 /* UITableView+IndexPath.m */ = {isa = PBXFileReference; fileEncoding = 4; lastKnownFileType = sourcecode.c.objc; path = "UITableView+IndexPath.m"; sourceTree = "<group>"; };
		35913F32E520C67BD6452446 /* FakeTableViewDataSource.m */ = {isa = PBXFileReference; fileEncoding = 4; lastKnownFileType = sourcecode.c.objc; path = FakeTableViewDataSource.m; sourceTree = "<group>"; };
		35913F96CE17A3187641AAF6 /* NSCalendar+SharedInstances.m */ = {isa = PBXFileReference; fileEncoding = 4; lastKnownFileType = sourcecode.c.objc; path = "NSCalendar+SharedInstances.m"; sourceTree = "<group>"; };
		35913FA870D304FE1539ECBA /* FMIDateHelper.h */ = {isa = PBXFileReference; fileEncoding = 4; lastKnownFileType = sourcecode.c.h; path = FMIDateHelper.h; sourceTree = "<group>"; };
		35913FF3B778C393F6262E72 /* FakeBindingModel.h */ = {isa = PBXFileReference; fileEncoding = 4; lastKnownFileType = sourcecode.c.h; path = FakeBindingModel.h; sourceTree = "<group>"; };
/* End PBXFileReference section */

/* Begin PBXFrameworksBuildPhase section */
		171CB9811AFB63C7002BE185 /* Frameworks */ = {
			isa = PBXFrameworksBuildPhase;
			buildActionMask = 2147483647;
			files = (
			);
			runOnlyForDeploymentPostprocessing = 0;
		};
		171CB98D1AFB63C7002BE185 /* Frameworks */ = {
			isa = PBXFrameworksBuildPhase;
			buildActionMask = 2147483647;
			files = (
				17E00C711B90307500BA7024 /* FMIKit.framework in Frameworks */,
			);
			runOnlyForDeploymentPostprocessing = 0;
		};
		1736E4691BA815400095227A /* Frameworks */ = {
			isa = PBXFrameworksBuildPhase;
			buildActionMask = 2147483647;
			files = (
			);
			runOnlyForDeploymentPostprocessing = 0;
		};
/* End PBXFrameworksBuildPhase section */

/* Begin PBXGroup section */
		170254952705A8630057D16B /* Configuration */ = {
			isa = PBXGroup;
			children = (
				170254942705A8570057D16B /* FMIKit.xctestplan */,
			);
			name = Configuration;
			sourceTree = "<group>";
		};
		171CB97B1AFB63C7002BE185 = {
			isa = PBXGroup;
			children = (
				170254952705A8630057D16B /* Configuration */,
				171CB9871AFB63C7002BE185 /* FMIKit */,
				171CB9941AFB63C7002BE185 /* FMIKitTests */,
				1736E46E1BA815400095227A /* FMIKitWatch */,
				172417EE2701DFD500EB0B52 /* LICENSE */,
				171CB9861AFB63C7002BE185 /* Products */,
			);
			sourceTree = "<group>";
		};
		171CB9861AFB63C7002BE185 /* Products */ = {
			isa = PBXGroup;
			children = (
				171CB9851AFB63C7002BE185 /* FMIKit.framework */,
				171CB9901AFB63C7002BE185 /* FMIKitTests.xctest */,
				1736E46D1BA815400095227A /* FMIKit.framework */,
			);
			name = Products;
			sourceTree = "<group>";
		};
		171CB9871AFB63C7002BE185 /* FMIKit */ = {
			isa = PBXGroup;
			children = (
				35913B38A4FF03091A89C925 /* Categories */,
				35913E3154B3A61B735D302A /* Classes */,
				35913EAD244E44080E1D9AC6 /* Common */,
				3591301B78D122E2104C8A32 /* Error Handling */,
				171CB98A1AFB63C7002BE185 /* FMIKit.h */,
				35913DE3A15D2FEA51B93AB8 /* Foundation */,
				1738D43F1AFC928200B96929 /* Resources */,
				171CB9881AFB63C7002BE185 /* Supporting Files */,
			);
			path = FMIKit;
			sourceTree = "<group>";
		};
		171CB9881AFB63C7002BE185 /* Supporting Files */ = {
			isa = PBXGroup;
			children = (
				171CB9891AFB63C7002BE185 /* Info.plist */,
			);
			name = "Supporting Files";
			sourceTree = "<group>";
		};
		171CB9941AFB63C7002BE185 /* FMIKitTests */ = {
			isa = PBXGroup;
			children = (
				1738D4421AFC947800B96929 /* Resources */,
				171CB9951AFB63C7002BE185 /* Supporting Files */,
				35913BBDF2F0177D0B0DDA63 /* Doubles */,
			);
			path = FMIKitTests;
			sourceTree = "<group>";
		};
		171CB9951AFB63C7002BE185 /* Supporting Files */ = {
			isa = PBXGroup;
			children = (
				171CB9961AFB63C7002BE185 /* Info.plist */,
			);
			name = "Supporting Files";
			sourceTree = "<group>";
		};
		1736E46E1BA815400095227A /* FMIKitWatch */ = {
			isa = PBXGroup;
			children = (
				1736E4711BA815400095227A /* Info.plist */,
			);
			path = FMIKitWatch;
			sourceTree = "<group>";
		};
		1738D43F1AFC928200B96929 /* Resources */ = {
			isa = PBXGroup;
			children = (
				35913A7111C3DA9E3B5ED86F /* FMIKitConstants.h */,
				17CBD6121BCC3A9000681FD9 /* FMIKitLocalizable.strings */,
			);
			name = Resources;
			sourceTree = "<group>";
		};
		1738D4421AFC947800B96929 /* Resources */ = {
			isa = PBXGroup;
			children = (
				1738D4431AFC948100B96929 /* Event.xcdatamodeld */,
				1738D4451AFC948100B96929 /* TestFile.csv */,
				1738D4461AFC948100B96929 /* TestFileInvalid.csv */,
				1738D4471AFC948100B96929 /* TestImageBig.jpeg */,
				1738D4481AFC948100B96929 /* TestImageLandscape.png */,
				1738D4491AFC948100B96929 /* TestImagePortrait.png */,
				1738D44A1AFC948100B96929 /* TestImagePortraitSmallWidth.jpg */,
				1738D44B1AFC948100B96929 /* TestImageSquared.png */,
			);
			name = Resources;
			sourceTree = "<group>";
		};
		3591301B78D122E2104C8A32 /* Error Handling */ = {
			isa = PBXGroup;
			children = (
				35913C8709977D154A7F2F7A /* FMIErrorLogFile.h */,
				359138BFDD7A292979CBA6C9 /* FMIErrorLogFile.m */,
				35913B680C286D5E9DD609A6 /* FMIErrorMessage.h */,
				35913BCE9444EA36FECA745C /* FMIErrorMessage.m */,
				1717200B247FC07900A54240 /* FMIKitTests-Bridging-Header.h */,
				17172009247FC03200A54240 /* NSError+Messaged.swift */,
				17CCFAB3247D3A9600BD5C0A /* UIResponder+ErrorHandling.swift */,
				178C91E9247D53220055A38C /* UIViewController+ErrorHandling.swift */,
			);
			name = "Error Handling";
			sourceTree = "<group>";
		};
		35913B38A4FF03091A89C925 /* Categories */ = {
			isa = PBXGroup;
			children = (
				3591339CCDB752DC59D6D837 /* NSCalendar+SharedInstances.h */,
				35913F96CE17A3187641AAF6 /* NSCalendar+SharedInstances.m */,
				35913D6C064F2C195D8155E7 /* NSCalendar+SharedInstancesTests.m */,
				359134D6412D6C6A38761812 /* UIDevice+Platform.h */,
				35913745DF27583BA4E591E4 /* UIDevice+Platform.m */,
				35913191490ECD45DBF6648E /* UITableView+IndexPath.h */,
				35913D93A22C9932A027B731 /* UITableView+IndexPath.m */,
				35913CD19B8A724944010728 /* UITableView+IndexPathTests.m */,
			);
			name = Categories;
			sourceTree = "<group>";
		};
		35913BBDF2F0177D0B0DDA63 /* Doubles */ = {
			isa = PBXGroup;
			children = (
				35913FF3B778C393F6262E72 /* FakeBindingModel.h */,
				359134E86EB3E44A077B1AF3 /* FakeBindingModel.m */,
				35913502F8888774D158EA01 /* FakeBindingObserver.h */,
				35913D05B64135615F0DCFA5 /* FakeBindingObserver.m */,
				3591320A24AF7C3C0DF96AE6 /* FakeTableViewDataSource.h */,
				35913F32E520C67BD6452446 /* FakeTableViewDataSource.m */,
			);
			name = Doubles;
			sourceTree = "<group>";
		};
		35913DE3A15D2FEA51B93AB8 /* Foundation */ = {
			isa = PBXGroup;
			children = (
				176F0395219AE108000FCFDC /* Named.swift */,
			);
			name = Foundation;
			sourceTree = "<group>";
		};
		35913E3154B3A61B735D302A /* Classes */ = {
			isa = PBXGroup;
			children = (
				359133EC0F3F3F369C98A889 /* FMIBinding.h */,
				359136A1128DEF3389D6AE88 /* FMIBinding.m */,
				359134CA9F45005389FA7708 /* FMIBindingManager.h */,
				359135296203D2254ECA66B5 /* FMIBindingManager.m */,
				3591325652B0E018158092BC /* FMIBindingManagerTests.m */,
				35913FA870D304FE1539ECBA /* FMIDateHelper.h */,
				359135B46D0291D94213149D /* FMIDateHelper.m */,
				35913A7C29DFBBC56090BA69 /* FMIDateHelperTest.m */,
				359132711A56643B56BB2621 /* FMIGMTDateHelper.h */,
				35913D929BAE18D652875AF6 /* FMIGMTDateHelper.m */,
				359139104DE6854CACD6012C /* FMIGMTDateHelperTest.m */,
			);
			name = Classes;
			sourceTree = "<group>";
		};
		35913EAD244E44080E1D9AC6 /* Common */ = {
			isa = PBXGroup;
			children = (
				17CCFAB8247D3B3200BD5C0A /* Bundle+FMIKit.swift */,
				3591323DC8B663841012BD82 /* FMIHelpers.h */,
				35913B64511B4BABA540BC2A /* FMIURLProvider.h */,
				35913544F49739A75AB0C2C8 /* NSBundle+FMIAppInfo.h */,
				3591364580F7582863F6E061 /* NSBundle+FMIAppInfo.m */,
				35913762DEFCE14348F4DB8D /* NSBundle+FMIKit.h */,
				359132B38EDA405B10D43539 /* NSBundle+FMIKit.m */,
			);
			name = Common;
			sourceTree = "<group>";
		};
/* End PBXGroup section */

/* Begin PBXHeadersBuildPhase section */
		171CB9821AFB63C7002BE185 /* Headers */ = {
			isa = PBXHeadersBuildPhase;
			buildActionMask = 2147483647;
			files = (
				171CB98B1AFB63C7002BE185 /* FMIKit.h in Headers */,
				3591321AB4F3EEEC5CC453E6 /* FMIKitConstants.h in Headers */,
				35913EF22A2D8BA263AE000D /* FMIHelpers.h in Headers */,
				35913A496D71B8214E3401CC /* NSBundle+FMIKit.h in Headers */,
				3591368C148DE0BF2514DF10 /* FMIGMTDateHelper.h in Headers */,
				359132808A2EBCAB1E839C04 /* FMIBindingManager.h in Headers */,
				3591389C23B6DD15B2DC5BC2 /* FMIBinding.h in Headers */,
				359135883E3C112CB8C61284 /* FMIDateHelper.h in Headers */,
				35913C8B8EFDC3A6E3519461 /* UITableView+IndexPath.h in Headers */,
				35913291B68887CA5E00D9A6 /* UIDevice+Platform.h in Headers */,
				359131CD1B6160079F5A5FB2 /* NSCalendar+SharedInstances.h in Headers */,
				359131E8F395B89E66F1A63C /* FMIErrorLogFile.h in Headers */,
				359133635297A88D865337CD /* FMIErrorMessage.h in Headers */,
				359139BB3728A7C5DB8DA1A7 /* NSBundle+FMIAppInfo.h in Headers */,
				359136978B0C634026DE1807 /* FMIURLProvider.h in Headers */,
			);
			runOnlyForDeploymentPostprocessing = 0;
		};
		1736E46A1BA815400095227A /* Headers */ = {
			isa = PBXHeadersBuildPhase;
			buildActionMask = 2147483647;
			files = (
				1736E4761BA815B30095227A /* FMIKit.h in Headers */,
				35913F9D3483403CDE293BA2 /* FMIHelpers.h in Headers */,
				359138D6C9D1C5C1658F07B9 /* FMIGMTDateHelper.h in Headers */,
				359137CE0B2C41A56765CD74 /* FMIBindingManager.h in Headers */,
				359138389C1DA335435D49B6 /* FMIBinding.h in Headers */,
				35913E875E33147914B176DD /* FMIDateHelper.h in Headers */,
				359138AD5AC4C739AA46022D /* NSCalendar+SharedInstances.h in Headers */,
				3591360DCC52DC874B9EB1B3 /* NSBundle+FMIAppInfo.h in Headers */,
			);
			runOnlyForDeploymentPostprocessing = 0;
		};
/* End PBXHeadersBuildPhase section */

/* Begin PBXNativeTarget section */
		171CB9841AFB63C7002BE185 /* FMIKit */ = {
			isa = PBXNativeTarget;
			buildConfigurationList = 171CB99B1AFB63C7002BE185 /* Build configuration list for PBXNativeTarget "FMIKit" */;
			buildPhases = (
				171CB9801AFB63C7002BE185 /* Sources */,
				171CB9811AFB63C7002BE185 /* Frameworks */,
				171CB9821AFB63C7002BE185 /* Headers */,
				171CB9831AFB63C7002BE185 /* Resources */,
			);
			buildRules = (
			);
			dependencies = (
			);
			name = FMIKit;
			productName = FMIKit;
			productReference = 171CB9851AFB63C7002BE185 /* FMIKit.framework */;
			productType = "com.apple.product-type.framework";
		};
		171CB98F1AFB63C7002BE185 /* FMIKitTests */ = {
			isa = PBXNativeTarget;
			buildConfigurationList = 171CB99E1AFB63C7002BE185 /* Build configuration list for PBXNativeTarget "FMIKitTests" */;
			buildPhases = (
				171CB98C1AFB63C7002BE185 /* Sources */,
				171CB98D1AFB63C7002BE185 /* Frameworks */,
				171CB98E1AFB63C7002BE185 /* Resources */,
			);
			buildRules = (
			);
			dependencies = (
				171CB9931AFB63C7002BE185 /* PBXTargetDependency */,
			);
			name = FMIKitTests;
			productName = FMIKitTests;
			productReference = 171CB9901AFB63C7002BE185 /* FMIKitTests.xctest */;
			productType = "com.apple.product-type.bundle.unit-test";
		};
		1736E46C1BA815400095227A /* FMIKitWatch */ = {
			isa = PBXNativeTarget;
			buildConfigurationList = 1736E4741BA815400095227A /* Build configuration list for PBXNativeTarget "FMIKitWatch" */;
			buildPhases = (
				1736E4681BA815400095227A /* Sources */,
				1736E4691BA815400095227A /* Frameworks */,
				1736E46A1BA815400095227A /* Headers */,
				1736E46B1BA815400095227A /* Resources */,
			);
			buildRules = (
			);
			dependencies = (
			);
			name = FMIKitWatch;
			productName = "FMIKit (watchOS)";
			productReference = 1736E46D1BA815400095227A /* FMIKit.framework */;
			productType = "com.apple.product-type.framework";
		};
/* End PBXNativeTarget section */

/* Begin PBXProject section */
		171CB97C1AFB63C7002BE185 /* Project object */ = {
			isa = PBXProject;
			attributes = {
				BuildIndependentTargetsInParallel = YES;
				CLASSPREFIX = FMI;
				LastUpgradeCheck = 1500;
				ORGANIZATIONNAME = madeFM;
				TargetAttributes = {
					171CB9841AFB63C7002BE185 = {
						CreatedOnToolsVersion = 6.3.1;
						LastSwiftMigration = 1020;
					};
					171CB98F1AFB63C7002BE185 = {
						CreatedOnToolsVersion = 6.3.1;
						LastSwiftMigration = 1150;
					};
					1736E46C1BA815400095227A = {
						CreatedOnToolsVersion = 7.0;
						LastSwiftMigration = 1020;
					};
				};
			};
			buildConfigurationList = 171CB97F1AFB63C7002BE185 /* Build configuration list for PBXProject "FMIKit" */;
			compatibilityVersion = "Xcode 3.2";
			developmentRegion = en;
			hasScannedForEncodings = 0;
			knownRegions = (
				en,
				de,
				Base,
			);
			mainGroup = 171CB97B1AFB63C7002BE185;
			productRefGroup = 171CB9861AFB63C7002BE185 /* Products */;
			projectDirPath = "";
			projectRoot = "";
			targets = (
				171CB9841AFB63C7002BE185 /* FMIKit */,
				171CB98F1AFB63C7002BE185 /* FMIKitTests */,
				1736E46C1BA815400095227A /* FMIKitWatch */,
			);
		};
/* End PBXProject section */

/* Begin PBXResourcesBuildPhase section */
		171CB9831AFB63C7002BE185 /* Resources */ = {
			isa = PBXResourcesBuildPhase;
			buildActionMask = 2147483647;
			files = (
				17CBD6101BCC3A9000681FD9 /* FMIKitLocalizable.strings in Resources */,
			);
			runOnlyForDeploymentPostprocessing = 0;
		};
		171CB98E1AFB63C7002BE185 /* Resources */ = {
			isa = PBXResourcesBuildPhase;
			buildActionMask = 2147483647;
			files = (
				1738D4511AFC948100B96929 /* TestImagePortrait.png in Resources */,
				1738D44F1AFC948100B96929 /* TestImageBig.jpeg in Resources */,
				1738D44E1AFC948100B96929 /* TestFileInvalid.csv in Resources */,
				1738D4531AFC948100B96929 /* TestImageSquared.png in Resources */,
				1738D4521AFC948100B96929 /* TestImagePortraitSmallWidth.jpg in Resources */,
				1738D44D1AFC948100B96929 /* TestFile.csv in Resources */,
				1738D4501AFC948100B96929 /* TestImageLandscape.png in Resources */,
			);
			runOnlyForDeploymentPostprocessing = 0;
		};
		1736E46B1BA815400095227A /* Resources */ = {
			isa = PBXResourcesBuildPhase;
			buildActionMask = 2147483647;
			files = (
			);
			runOnlyForDeploymentPostprocessing = 0;
		};
/* End PBXResourcesBuildPhase section */

/* Begin PBXSourcesBuildPhase section */
		171CB9801AFB63C7002BE185 /* Sources */ = {
			isa = PBXSourcesBuildPhase;
			buildActionMask = 2147483647;
			files = (
				35913C039AB5275BAA877B31 /* NSBundle+FMIKit.m in Sources */,
				1717200A247FC03200A54240 /* NSError+Messaged.swift in Sources */,
				35913B4FB9CABCFE02466025 /* FMIBindingManager.m in Sources */,
				35913BFDE59284D54FFCB2C3 /* FMIGMTDateHelper.m in Sources */,
				35913E0A0D265D924423003A /* FMIDateHelper.m in Sources */,
				359139C16537036E8326A59C /* FMIBinding.m in Sources */,
				17CCFAB9247D3B3200BD5C0A /* Bundle+FMIKit.swift in Sources */,
				35913275D874453C547DB25C /* NSCalendar+SharedInstances.m in Sources */,
				178C91EA247D53220055A38C /* UIViewController+ErrorHandling.swift in Sources */,
				17CCFAB6247D3A9600BD5C0A /* UIResponder+ErrorHandling.swift in Sources */,
				35913BBD69CADC8A53EB9E0F /* UIDevice+Platform.m in Sources */,
				35913A72F5D51B23909947C0 /* UITableView+IndexPath.m in Sources */,
				176F0396219AE108000FCFDC /* Named.swift in Sources */,
				359135BB9EC783A8278B4D6E /* FMIErrorLogFile.m in Sources */,
				359130A7410D0233FDEA2625 /* FMIErrorMessage.m in Sources */,
				35913C3C87D212B377485C66 /* NSBundle+FMIAppInfo.m in Sources */,
			);
			runOnlyForDeploymentPostprocessing = 0;
		};
		171CB98C1AFB63C7002BE185 /* Sources */ = {
			isa = PBXSourcesBuildPhase;
			buildActionMask = 2147483647;
			files = (
				1738D44C1AFC948100B96929 /* Event.xcdatamodeld in Sources */,
				359136C1709732FAE3E10719 /* UITableView+IndexPathTests.m in Sources */,
				35913D9564011CC935070366 /* NSCalendar+SharedInstancesTests.m in Sources */,
				3591317D6BE22119739FDA24 /* FMIDateHelperTest.m in Sources */,
				3591387333257D86D6F26683 /* FMIGMTDateHelperTest.m in Sources */,
				3591381A2F9AA8CA84395A8E /* FMIBindingManagerTests.m in Sources */,
				359131B9C6A98AF2F7A8CF8B /* FakeTableViewDataSource.m in Sources */,
				35913397C44ADB79FD9F2682 /* FakeBindingObserver.m in Sources */,
				3591327CE69A5FC3DDC3B099 /* FakeBindingModel.m in Sources */,
			);
			runOnlyForDeploymentPostprocessing = 0;
		};
		1736E4681BA815400095227A /* Sources */ = {
			isa = PBXSourcesBuildPhase;
			buildActionMask = 2147483647;
			files = (
				35913B131B769C2477AF5E6E /* FMIBindingManager.m in Sources */,
				35913EF5EA8C0033D2A5BAFB /* FMIGMTDateHelper.m in Sources */,
				35913C1FF167A167B96D4A32 /* FMIDateHelper.m in Sources */,
				35913ED44B8288907BC4A620 /* FMIBinding.m in Sources */,
				176F0397219AE108000FCFDC /* Named.swift in Sources */,
				35913A739B42D96FF77C3C24 /* NSCalendar+SharedInstances.m in Sources */,
				35913F5FB0136E21392C9B43 /* NSBundle+FMIAppInfo.m in Sources */,
			);
			runOnlyForDeploymentPostprocessing = 0;
		};
/* End PBXSourcesBuildPhase section */

/* Begin PBXTargetDependency section */
		171CB9931AFB63C7002BE185 /* PBXTargetDependency */ = {
			isa = PBXTargetDependency;
			target = 171CB9841AFB63C7002BE185 /* FMIKit */;
			targetProxy = 171CB9921AFB63C7002BE185 /* PBXContainerItemProxy */;
		};
/* End PBXTargetDependency section */

/* Begin PBXVariantGroup section */
		17CBD6121BCC3A9000681FD9 /* FMIKitLocalizable.strings */ = {
			isa = PBXVariantGroup;
			children = (
				17CBD6111BCC3A9000681FD9 /* en */,
				17CBD6131BCC3A9200681FD9 /* de */,
			);
			name = FMIKitLocalizable.strings;
			sourceTree = "<group>";
		};
/* End PBXVariantGroup section */

/* Begin XCBuildConfiguration section */
		171CB9991AFB63C7002BE185 /* Debug */ = {
			isa = XCBuildConfiguration;
			buildSettings = {
				ALWAYS_SEARCH_USER_PATHS = NO;
				APPLICATION_EXTENSION_API_ONLY = YES;
				ASSETCATALOG_COMPILER_GENERATE_SWIFT_ASSET_SYMBOL_EXTENSIONS = YES;
				CLANG_ANALYZER_LOCALIZABILITY_NONLOCALIZED = YES;
				CLANG_CXX_LANGUAGE_STANDARD = "gnu++0x";
				CLANG_CXX_LIBRARY = "libc++";
				CLANG_ENABLE_MODULES = YES;
				CLANG_ENABLE_OBJC_ARC = YES;
				CLANG_WARN_BLOCK_CAPTURE_AUTORELEASING = YES;
				CLANG_WARN_BOOL_CONVERSION = YES;
				CLANG_WARN_COMMA = YES;
				CLANG_WARN_CONSTANT_CONVERSION = YES;
				CLANG_WARN_DEPRECATED_OBJC_IMPLEMENTATIONS = YES;
				CLANG_WARN_DIRECT_OBJC_ISA_USAGE = YES_ERROR;
				CLANG_WARN_EMPTY_BODY = YES;
				CLANG_WARN_ENUM_CONVERSION = YES;
				CLANG_WARN_INFINITE_RECURSION = YES;
				CLANG_WARN_INT_CONVERSION = YES;
				CLANG_WARN_NON_LITERAL_NULL_CONVERSION = YES;
				CLANG_WARN_OBJC_IMPLICIT_RETAIN_SELF = YES;
				CLANG_WARN_OBJC_LITERAL_CONVERSION = YES;
				CLANG_WARN_OBJC_ROOT_CLASS = YES_ERROR;
				CLANG_WARN_QUOTED_INCLUDE_IN_FRAMEWORK_HEADER = YES;
				CLANG_WARN_RANGE_LOOP_ANALYSIS = YES;
				CLANG_WARN_STRICT_PROTOTYPES = YES;
				CLANG_WARN_SUSPICIOUS_MOVE = YES;
				CLANG_WARN_UNREACHABLE_CODE = YES;
				CLANG_WARN__DUPLICATE_METHOD_MATCH = YES;
				CODE_SIGN_IDENTITY = "iPhone Developer";
				COPY_PHASE_STRIP = NO;
				CURRENT_PROJECT_VERSION = 1;
				ENABLE_STRICT_OBJC_MSGSEND = YES;
				ENABLE_TESTABILITY = YES;
				ENABLE_USER_SCRIPT_SANDBOXING = YES;
				GCC_C_LANGUAGE_STANDARD = gnu99;
				GCC_DYNAMIC_NO_PIC = NO;
				GCC_NO_COMMON_BLOCKS = YES;
				GCC_OPTIMIZATION_LEVEL = 0;
				GCC_PREPROCESSOR_DEFINITIONS = (
					"DEBUG=1",
					"$(inherited)",
				);
				GCC_SYMBOLS_PRIVATE_EXTERN = NO;
				GCC_WARN_64_TO_32_BIT_CONVERSION = YES;
				GCC_WARN_ABOUT_RETURN_TYPE = YES_ERROR;
				GCC_WARN_UNDECLARED_SELECTOR = YES;
				GCC_WARN_UNINITIALIZED_AUTOS = YES_AGGRESSIVE;
				GCC_WARN_UNUSED_FUNCTION = YES;
				GCC_WARN_UNUSED_VARIABLE = YES;
				IPHONEOS_DEPLOYMENT_TARGET = 16.0;
				MTL_ENABLE_DEBUG_INFO = YES;
				ONLY_ACTIVE_ARCH = YES;
				SDKROOT = iphoneos;
				SWIFT_VERSION = 4.2;
				TARGETED_DEVICE_FAMILY = "1,2";
				VERSIONING_SYSTEM = "apple-generic";
				VERSION_INFO_PREFIX = "";
				WATCHOS_DEPLOYMENT_TARGET = 10.0;
			};
			name = Debug;
		};
		171CB99A1AFB63C7002BE185 /* Release */ = {
			isa = XCBuildConfiguration;
			buildSettings = {
				ALWAYS_SEARCH_USER_PATHS = NO;
				APPLICATION_EXTENSION_API_ONLY = YES;
				ASSETCATALOG_COMPILER_GENERATE_SWIFT_ASSET_SYMBOL_EXTENSIONS = YES;
				CLANG_ANALYZER_LOCALIZABILITY_NONLOCALIZED = YES;
				CLANG_CXX_LANGUAGE_STANDARD = "gnu++0x";
				CLANG_CXX_LIBRARY = "libc++";
				CLANG_ENABLE_MODULES = YES;
				CLANG_ENABLE_OBJC_ARC = YES;
				CLANG_WARN_BLOCK_CAPTURE_AUTORELEASING = YES;
				CLANG_WARN_BOOL_CONVERSION = YES;
				CLANG_WARN_COMMA = YES;
				CLANG_WARN_CONSTANT_CONVERSION = YES;
				CLANG_WARN_DEPRECATED_OBJC_IMPLEMENTATIONS = YES;
				CLANG_WARN_DIRECT_OBJC_ISA_USAGE = YES_ERROR;
				CLANG_WARN_EMPTY_BODY = YES;
				CLANG_WARN_ENUM_CONVERSION = YES;
				CLANG_WARN_INFINITE_RECURSION = YES;
				CLANG_WARN_INT_CONVERSION = YES;
				CLANG_WARN_NON_LITERAL_NULL_CONVERSION = YES;
				CLANG_WARN_OBJC_IMPLICIT_RETAIN_SELF = YES;
				CLANG_WARN_OBJC_LITERAL_CONVERSION = YES;
				CLANG_WARN_OBJC_ROOT_CLASS = YES_ERROR;
				CLANG_WARN_QUOTED_INCLUDE_IN_FRAMEWORK_HEADER = YES;
				CLANG_WARN_RANGE_LOOP_ANALYSIS = YES;
				CLANG_WARN_STRICT_PROTOTYPES = YES;
				CLANG_WARN_SUSPICIOUS_MOVE = YES;
				CLANG_WARN_UNREACHABLE_CODE = YES;
				CLANG_WARN__DUPLICATE_METHOD_MATCH = YES;
				CODE_SIGN_IDENTITY = "iPhone Distribution";
				COPY_PHASE_STRIP = NO;
				CURRENT_PROJECT_VERSION = 1;
				ENABLE_NS_ASSERTIONS = NO;
				ENABLE_STRICT_OBJC_MSGSEND = YES;
				ENABLE_USER_SCRIPT_SANDBOXING = YES;
				GCC_C_LANGUAGE_STANDARD = gnu99;
				GCC_NO_COMMON_BLOCKS = YES;
				GCC_WARN_64_TO_32_BIT_CONVERSION = YES;
				GCC_WARN_ABOUT_RETURN_TYPE = YES_ERROR;
				GCC_WARN_UNDECLARED_SELECTOR = YES;
				GCC_WARN_UNINITIALIZED_AUTOS = YES_AGGRESSIVE;
				GCC_WARN_UNUSED_FUNCTION = YES;
				GCC_WARN_UNUSED_VARIABLE = YES;
				IPHONEOS_DEPLOYMENT_TARGET = 16.0;
				MTL_ENABLE_DEBUG_INFO = NO;
				SDKROOT = iphoneos;
				SWIFT_COMPILATION_MODE = wholemodule;
				SWIFT_VERSION = 4.2;
				TARGETED_DEVICE_FAMILY = "1,2";
				VALIDATE_PRODUCT = YES;
				VERSIONING_SYSTEM = "apple-generic";
				VERSION_INFO_PREFIX = "";
				WATCHOS_DEPLOYMENT_TARGET = 10.0;
			};
			name = Release;
		};
		171CB99C1AFB63C7002BE185 /* Debug */ = {
			isa = XCBuildConfiguration;
			buildSettings = {
				CLANG_ENABLE_MODULES = YES;
				CODE_SIGN_IDENTITY = "";
				DEFINES_MODULE = YES;
				DYLIB_COMPATIBILITY_VERSION = 1;
				DYLIB_CURRENT_VERSION = 1;
				DYLIB_INSTALL_NAME_BASE = "@rpath";
				ENABLE_MODULE_VERIFIER = YES;
				INFOPLIST_FILE = FMIKit/Info.plist;
				INSTALL_PATH = "$(LOCAL_LIBRARY_DIR)/Frameworks";
				LD_RUNPATH_SEARCH_PATHS = (
					"$(inherited)",
					"@executable_path/Frameworks",
					"@loader_path/Frameworks",
				);
				MODULE_VERIFIER_SUPPORTED_LANGUAGES = "objective-c objective-c++";
				MODULE_VERIFIER_SUPPORTED_LANGUAGE_STANDARDS = "gnu99 gnu++11";
				PRODUCT_BUNDLE_IDENTIFIER = "com.madefm.$(PRODUCT_NAME:rfc1034identifier)";
				PRODUCT_NAME = "$(TARGET_NAME)";
				SKIP_INSTALL = YES;
				SUPPORTS_MACCATALYST = NO;
				SWIFT_OPTIMIZATION_LEVEL = "-Onone";
				SWIFT_VERSION = 5.0;
				TARGETED_DEVICE_FAMILY = "1,2";
			};
			name = Debug;
		};
		171CB99D1AFB63C7002BE185 /* Release */ = {
			isa = XCBuildConfiguration;
			buildSettings = {
				CLANG_ENABLE_MODULES = YES;
				CODE_SIGN_IDENTITY = "";
				DEFINES_MODULE = YES;
				DYLIB_COMPATIBILITY_VERSION = 1;
				DYLIB_CURRENT_VERSION = 1;
				DYLIB_INSTALL_NAME_BASE = "@rpath";
				ENABLE_MODULE_VERIFIER = YES;
				INFOPLIST_FILE = FMIKit/Info.plist;
				INSTALL_PATH = "$(LOCAL_LIBRARY_DIR)/Frameworks";
				LD_RUNPATH_SEARCH_PATHS = (
					"$(inherited)",
					"@executable_path/Frameworks",
					"@loader_path/Frameworks",
				);
				MODULE_VERIFIER_SUPPORTED_LANGUAGES = "objective-c objective-c++";
				MODULE_VERIFIER_SUPPORTED_LANGUAGE_STANDARDS = "gnu99 gnu++11";
				PRODUCT_BUNDLE_IDENTIFIER = "com.madefm.$(PRODUCT_NAME:rfc1034identifier)";
				PRODUCT_NAME = "$(TARGET_NAME)";
				SKIP_INSTALL = YES;
				SUPPORTS_MACCATALYST = NO;
				SWIFT_VERSION = 5.0;
				TARGETED_DEVICE_FAMILY = "1,2";
			};
			name = Release;
		};
		171CB99F1AFB63C7002BE185 /* Debug */ = {
			isa = XCBuildConfiguration;
			buildSettings = {
				CLANG_ENABLE_MODULES = YES;
				DEVELOPMENT_TEAM = "";
				FRAMEWORK_SEARCH_PATHS = "";
				INFOPLIST_FILE = FMIKitTests/Info.plist;
				LD_RUNPATH_SEARCH_PATHS = (
					"$(inherited)",
					"@executable_path/Frameworks",
					"@loader_path/Frameworks",
				);
				PRODUCT_BUNDLE_IDENTIFIER = "com.madefm.$(PRODUCT_NAME:rfc1034identifier)";
				PRODUCT_NAME = "$(TARGET_NAME)";
				SWIFT_OBJC_BRIDGING_HEADER = "FMIKit/FMIKitTests-Bridging-Header.h";
				SWIFT_OPTIMIZATION_LEVEL = "-Onone";
				SWIFT_VERSION = 5.0;
			};
			name = Debug;
		};
		171CB9A01AFB63C7002BE185 /* Release */ = {
			isa = XCBuildConfiguration;
			buildSettings = {
				CLANG_ENABLE_MODULES = YES;
				DEVELOPMENT_TEAM = "";
				FRAMEWORK_SEARCH_PATHS = "";
				INFOPLIST_FILE = FMIKitTests/Info.plist;
				LD_RUNPATH_SEARCH_PATHS = (
					"$(inherited)",
					"@executable_path/Frameworks",
					"@loader_path/Frameworks",
				);
				PRODUCT_BUNDLE_IDENTIFIER = "com.madefm.$(PRODUCT_NAME:rfc1034identifier)";
				PRODUCT_NAME = "$(TARGET_NAME)";
				SWIFT_OBJC_BRIDGING_HEADER = "FMIKit/FMIKitTests-Bridging-Header.h";
				SWIFT_VERSION = 5.0;
			};
			name = Release;
		};
		1736E4721BA815400095227A /* Debug */ = {
			isa = XCBuildConfiguration;
			buildSettings = {
				CODE_SIGN_IDENTITY = "";
				DEBUG_INFORMATION_FORMAT = dwarf;
				DEFINES_MODULE = YES;
				DYLIB_COMPATIBILITY_VERSION = 1;
				DYLIB_CURRENT_VERSION = 1;
				DYLIB_INSTALL_NAME_BASE = "@rpath";
				ENABLE_MODULE_VERIFIER = YES;
				INFOPLIST_FILE = "$(SRCROOT)/FMIKitWatch/Info.plist";
				INSTALL_PATH = "$(LOCAL_LIBRARY_DIR)/Frameworks";
				LD_RUNPATH_SEARCH_PATHS = (
					"$(inherited)",
					"@executable_path/Frameworks",
					"@loader_path/Frameworks",
				);
				MODULE_VERIFIER_SUPPORTED_LANGUAGES = "objective-c objective-c++";
				MODULE_VERIFIER_SUPPORTED_LANGUAGE_STANDARDS = "gnu99 gnu++11";
				PRODUCT_BUNDLE_IDENTIFIER = com.madefm.FMIKitWatch;
				PRODUCT_NAME = FMIKit;
				SDKROOT = watchos;
				SKIP_INSTALL = YES;
				SWIFT_VERSION = 5.0;
				TARGETED_DEVICE_FAMILY = 4;
				USER_HEADER_SEARCH_PATHS = "$(SRCROOT)";
			};
			name = Debug;
		};
		1736E4731BA815400095227A /* Release */ = {
			isa = XCBuildConfiguration;
			buildSettings = {
				CODE_SIGN_IDENTITY = "";
				DEFINES_MODULE = YES;
				DYLIB_COMPATIBILITY_VERSION = 1;
				DYLIB_CURRENT_VERSION = 1;
				DYLIB_INSTALL_NAME_BASE = "@rpath";
				ENABLE_MODULE_VERIFIER = YES;
				INFOPLIST_FILE = "$(SRCROOT)/FMIKitWatch/Info.plist";
				INSTALL_PATH = "$(LOCAL_LIBRARY_DIR)/Frameworks";
				LD_RUNPATH_SEARCH_PATHS = (
					"$(inherited)",
					"@executable_path/Frameworks",
					"@loader_path/Frameworks",
				);
				MODULE_VERIFIER_SUPPORTED_LANGUAGES = "objective-c objective-c++";
				MODULE_VERIFIER_SUPPORTED_LANGUAGE_STANDARDS = "gnu99 gnu++11";
				PRODUCT_BUNDLE_IDENTIFIER = com.madefm.FMIKitWatch;
				PRODUCT_NAME = FMIKit;
				SDKROOT = watchos;
				SKIP_INSTALL = YES;
				SWIFT_VERSION = 5.0;
				TARGETED_DEVICE_FAMILY = 4;
				USER_HEADER_SEARCH_PATHS = "$(SRCROOT)";
			};
			name = Release;
		};
		17B469971BCE5372000C5281 /* Beta */ = {
			isa = XCBuildConfiguration;
			buildSettings = {
				ALWAYS_SEARCH_USER_PATHS = NO;
				APPLICATION_EXTENSION_API_ONLY = YES;
				ASSETCATALOG_COMPILER_GENERATE_SWIFT_ASSET_SYMBOL_EXTENSIONS = YES;
				CLANG_ANALYZER_LOCALIZABILITY_NONLOCALIZED = YES;
				CLANG_CXX_LANGUAGE_STANDARD = "gnu++0x";
				CLANG_CXX_LIBRARY = "libc++";
				CLANG_ENABLE_MODULES = YES;
				CLANG_ENABLE_OBJC_ARC = YES;
				CLANG_WARN_BLOCK_CAPTURE_AUTORELEASING = YES;
				CLANG_WARN_BOOL_CONVERSION = YES;
				CLANG_WARN_COMMA = YES;
				CLANG_WARN_CONSTANT_CONVERSION = YES;
				CLANG_WARN_DEPRECATED_OBJC_IMPLEMENTATIONS = YES;
				CLANG_WARN_DIRECT_OBJC_ISA_USAGE = YES_ERROR;
				CLANG_WARN_EMPTY_BODY = YES;
				CLANG_WARN_ENUM_CONVERSION = YES;
				CLANG_WARN_INFINITE_RECURSION = YES;
				CLANG_WARN_INT_CONVERSION = YES;
				CLANG_WARN_NON_LITERAL_NULL_CONVERSION = YES;
				CLANG_WARN_OBJC_IMPLICIT_RETAIN_SELF = YES;
				CLANG_WARN_OBJC_LITERAL_CONVERSION = YES;
				CLANG_WARN_OBJC_ROOT_CLASS = YES_ERROR;
				CLANG_WARN_QUOTED_INCLUDE_IN_FRAMEWORK_HEADER = YES;
				CLANG_WARN_RANGE_LOOP_ANALYSIS = YES;
				CLANG_WARN_STRICT_PROTOTYPES = YES;
				CLANG_WARN_SUSPICIOUS_MOVE = YES;
				CLANG_WARN_UNREACHABLE_CODE = YES;
				CLANG_WARN__DUPLICATE_METHOD_MATCH = YES;
				CODE_SIGN_IDENTITY = "iPhone Distribution";
				COPY_PHASE_STRIP = NO;
				CURRENT_PROJECT_VERSION = 1;
				ENABLE_NS_ASSERTIONS = NO;
				ENABLE_STRICT_OBJC_MSGSEND = YES;
				ENABLE_USER_SCRIPT_SANDBOXING = YES;
				GCC_C_LANGUAGE_STANDARD = gnu99;
				GCC_NO_COMMON_BLOCKS = YES;
				GCC_WARN_64_TO_32_BIT_CONVERSION = YES;
				GCC_WARN_ABOUT_RETURN_TYPE = YES_ERROR;
				GCC_WARN_UNDECLARED_SELECTOR = YES;
				GCC_WARN_UNINITIALIZED_AUTOS = YES_AGGRESSIVE;
				GCC_WARN_UNUSED_FUNCTION = YES;
				GCC_WARN_UNUSED_VARIABLE = YES;
				IPHONEOS_DEPLOYMENT_TARGET = 16.0;
				MTL_ENABLE_DEBUG_INFO = NO;
				SDKROOT = iphoneos;
				SWIFT_VERSION = 4.2;
				TARGETED_DEVICE_FAMILY = "1,2";
				VALIDATE_PRODUCT = YES;
				VERSIONING_SYSTEM = "apple-generic";
				VERSION_INFO_PREFIX = "";
				WATCHOS_DEPLOYMENT_TARGET = 10.0;
			};
			name = Beta;
		};
		17B469981BCE5372000C5281 /* Beta */ = {
			isa = XCBuildConfiguration;
			buildSettings = {
				CLANG_ENABLE_MODULES = YES;
				CODE_SIGN_IDENTITY = "";
				DEFINES_MODULE = YES;
				DYLIB_COMPATIBILITY_VERSION = 1;
				DYLIB_CURRENT_VERSION = 1;
				DYLIB_INSTALL_NAME_BASE = "@rpath";
				ENABLE_MODULE_VERIFIER = YES;
				INFOPLIST_FILE = FMIKit/Info.plist;
				INSTALL_PATH = "$(LOCAL_LIBRARY_DIR)/Frameworks";
				LD_RUNPATH_SEARCH_PATHS = (
					"$(inherited)",
					"@executable_path/Frameworks",
					"@loader_path/Frameworks",
				);
				MODULE_VERIFIER_SUPPORTED_LANGUAGES = "objective-c objective-c++";
				MODULE_VERIFIER_SUPPORTED_LANGUAGE_STANDARDS = "gnu99 gnu++11";
				PRODUCT_BUNDLE_IDENTIFIER = "com.madefm.$(PRODUCT_NAME:rfc1034identifier)";
				PRODUCT_NAME = "$(TARGET_NAME)";
				SKIP_INSTALL = YES;
				SUPPORTS_MACCATALYST = NO;
				SWIFT_VERSION = 5.0;
				TARGETED_DEVICE_FAMILY = "1,2";
			};
			name = Beta;
		};
		17B469991BCE5372000C5281 /* Beta */ = {
			isa = XCBuildConfiguration;
			buildSettings = {
				CLANG_ENABLE_MODULES = YES;
				DEVELOPMENT_TEAM = "";
				FRAMEWORK_SEARCH_PATHS = "";
				INFOPLIST_FILE = FMIKitTests/Info.plist;
				LD_RUNPATH_SEARCH_PATHS = (
					"$(inherited)",
					"@executable_path/Frameworks",
					"@loader_path/Frameworks",
				);
				PRODUCT_BUNDLE_IDENTIFIER = "com.madefm.$(PRODUCT_NAME:rfc1034identifier)";
				PRODUCT_NAME = "$(TARGET_NAME)";
				SWIFT_OBJC_BRIDGING_HEADER = "FMIKit/FMIKitTests-Bridging-Header.h";
				SWIFT_VERSION = 5.0;
			};
			name = Beta;
		};
		17B4699A1BCE5372000C5281 /* Beta */ = {
			isa = XCBuildConfiguration;
			buildSettings = {
				CODE_SIGN_IDENTITY = "";
				DEFINES_MODULE = YES;
				DYLIB_COMPATIBILITY_VERSION = 1;
				DYLIB_CURRENT_VERSION = 1;
				DYLIB_INSTALL_NAME_BASE = "@rpath";
				ENABLE_MODULE_VERIFIER = YES;
				INFOPLIST_FILE = "$(SRCROOT)/FMIKitWatch/Info.plist";
				INSTALL_PATH = "$(LOCAL_LIBRARY_DIR)/Frameworks";
				LD_RUNPATH_SEARCH_PATHS = (
					"$(inherited)",
					"@executable_path/Frameworks",
					"@loader_path/Frameworks",
				);
				MODULE_VERIFIER_SUPPORTED_LANGUAGES = "objective-c objective-c++";
				MODULE_VERIFIER_SUPPORTED_LANGUAGE_STANDARDS = "gnu99 gnu++11";
				PRODUCT_BUNDLE_IDENTIFIER = com.madefm.FMIKitWatch;
				PRODUCT_NAME = FMIKit;
				SDKROOT = watchos;
				SKIP_INSTALL = YES;
				SWIFT_VERSION = 5.0;
				TARGETED_DEVICE_FAMILY = 4;
				USER_HEADER_SEARCH_PATHS = "$(SRCROOT)";
			};
			name = Beta;
		};
/* End XCBuildConfiguration section */

/* Begin XCConfigurationList section */
		171CB97F1AFB63C7002BE185 /* Build configuration list for PBXProject "FMIKit" */ = {
			isa = XCConfigurationList;
			buildConfigurations = (
				171CB9991AFB63C7002BE185 /* Debug */,
				171CB99A1AFB63C7002BE185 /* Release */,
				17B469971BCE5372000C5281 /* Beta */,
			);
			defaultConfigurationIsVisible = 0;
			defaultConfigurationName = Release;
		};
		171CB99B1AFB63C7002BE185 /* Build configuration list for PBXNativeTarget "FMIKit" */ = {
			isa = XCConfigurationList;
			buildConfigurations = (
				171CB99C1AFB63C7002BE185 /* Debug */,
				171CB99D1AFB63C7002BE185 /* Release */,
				17B469981BCE5372000C5281 /* Beta */,
			);
			defaultConfigurationIsVisible = 0;
			defaultConfigurationName = Release;
		};
		171CB99E1AFB63C7002BE185 /* Build configuration list for PBXNativeTarget "FMIKitTests" */ = {
			isa = XCConfigurationList;
			buildConfigurations = (
				171CB99F1AFB63C7002BE185 /* Debug */,
				171CB9A01AFB63C7002BE185 /* Release */,
				17B469991BCE5372000C5281 /* Beta */,
			);
			defaultConfigurationIsVisible = 0;
			defaultConfigurationName = Release;
		};
		1736E4741BA815400095227A /* Build configuration list for PBXNativeTarget "FMIKitWatch" */ = {
			isa = XCConfigurationList;
			buildConfigurations = (
				1736E4721BA815400095227A /* Debug */,
				1736E4731BA815400095227A /* Release */,
				17B4699A1BCE5372000C5281 /* Beta */,
			);
			defaultConfigurationIsVisible = 0;
			defaultConfigurationName = Release;
		};
/* End XCConfigurationList section */

/* Begin XCVersionGroup section */
		1738D4431AFC948100B96929 /* Event.xcdatamodeld */ = {
			isa = XCVersionGroup;
			children = (
				1738D4441AFC948100B96929 /* Event.xcdatamodel */,
			);
			currentVersion = 1738D4441AFC948100B96929 /* Event.xcdatamodel */;
			name = Event.xcdatamodeld;
			path = Resources/Event.xcdatamodeld;
			sourceTree = "<group>";
			versionGroupType = wrapper.xcdatamodel;
		};
/* End XCVersionGroup section */
	};
	rootObject = 171CB97C1AFB63C7002BE185 /* Project object */;
}
